dependencies:
- name: odoo
  repository: oci://registry-1.docker.io/bitnamicharts
  version: 24.0.5
- name: flex-smtpd
  repository: https://helm-repo.highcanfly.club
  version: 0.1.6
digest: sha256:de6b83b4a61905cb486c8a5dae4a07b4dcf68c5acf2dfb9bbbf564014a3daf14
generated: "2024-01-24T07:56:33.003366+01:00"
