dependencies:
- name: odoo
  repository: oci://registry-1.docker.io/bitnamicharts
  version: 24.0.5
- name: flex-smtpd
  repository: https://helm-repo.highcanfly.club
  version: 0.1.4
digest: sha256:c522976de468b87b4a79dcdbc73e46767a0ea3b3c5f007445e14b3e179f2e6e8
generated: "2024-01-23T14:57:27.668842639+01:00"
