dependencies:
- name: odoo
  repository: oci://registry-1.docker.io/bitnamicharts
  version: 24.0.5
- name: flex-smtpd
  repository: https://helm-repo.highcanfly.club
  version: 0.1.3
digest: sha256:d24bf29f713a0ab71173d40b0959060567003311bcf426b184f45888ad7345fd
generated: "2024-01-23T14:17:44.707727741+01:00"
